
Microsoft Visual Studio Solution File, Format Version 12.00
# Visual Studio Version 17
VisualStudioVersion = 17.12.35527.113
MinimumVisualStudioVersion = 10.0.40219.1
Project("{FAE04EC0-301F-11D3-BF4B-00C04F79EFBC}") = "MouseTracker.Domain", "..\MouseTracker.Domain\MouseTracker.Domain.csproj", "{147DBADB-BC55-48FB-8C3A-B13FA5B27E7C}"
EndProject
Project("{FAE04EC0-301F-11D3-BF4B-00C04F79EFBC}") = "MouseTracker.Application", "..\MouseTracker.Application\MouseTracker.Application.csproj", "{ADB4654B-BFE4-4FE8-A61B-3BC299D2AB41}"
EndProject
Project("{FAE04EC0-301F-11D3-BF4B-00C04F79EFBC}") = "MouseTracker.Infrastructure", "..\MouseTracker.Infrastructure\MouseTracker.Infrastructure.csproj", "{64911B9C-0F2D-42FA-BA8E-2D03ACA73253}"
EndProject
Project("{FAE04EC0-301F-11D3-BF4B-00C04F79EFBC}") = "MouseTracker.Web", "..\MouseTracker.Web\MouseTracker.Web.csproj", "{3C7871FA-DB85-4E92-BC03-C07E9D5C0A8C}"
EndProject
Project("{FAE04EC0-301F-11D3-BF4B-00C04F79EFBC}") = "MouseTracker.Tests", "MouseTracker.Tests\MouseTracker.Tests.csproj", "{90E35FD9-7A4B-48E0-9B96-F04951F2C2E3}"
EndProject
Global
	GlobalSection(SolutionConfigurationPlatforms) = preSolution
		Debug|Any CPU = Debug|Any CPU
		Release|Any CPU = Release|Any CPU
	EndGlobalSection
	GlobalSection(ProjectConfigurationPlatforms) = postSolution
		{147DBADB-BC55-48FB-8C3A-B13FA5B27E7C}.Debug|Any CPU.ActiveCfg = Debug|Any CPU
		{147DBADB-BC55-48FB-8C3A-B13FA5B27E7C}.Debug|Any CPU.Build.0 = Debug|Any CPU
		{147DBADB-BC55-48FB-8C3A-B13FA5B27E7C}.Release|Any CPU.ActiveCfg = Release|Any CPU
		{147DBADB-BC55-48FB-8C3A-B13FA5B27E7C}.Release|Any CPU.Build.0 = Release|Any CPU
		{ADB4654B-BFE4-4FE8-A61B-3BC299D2AB41}.Debug|Any CPU.ActiveCfg = Debug|Any CPU
		{ADB4654B-BFE4-4FE8-A61B-3BC299D2AB41}.Debug|Any CPU.Build.0 = Debug|Any CPU
		{ADB4654B-BFE4-4FE8-A61B-3BC299D2AB41}.Release|Any CPU.ActiveCfg = Release|Any CPU
		{ADB4654B-BFE4-4FE8-A61B-3BC299D2AB41}.Release|Any CPU.Build.0 = Release|Any CPU
		{64911B9C-0F2D-42FA-BA8E-2D03ACA73253}.Debug|Any CPU.ActiveCfg = Debug|Any CPU
		{64911B9C-0F2D-42FA-BA8E-2D03ACA73253}.Debug|Any CPU.Build.0 = Debug|Any CPU
		{64911B9C-0F2D-42FA-BA8E-2D03ACA73253}.Release|Any CPU.ActiveCfg = Release|Any CPU
		{64911B9C-0F2D-42FA-BA8E-2D03ACA73253}.Release|Any CPU.Build.0 = Release|Any CPU
		{3C7871FA-DB85-4E92-BC03-C07E9D5C0A8C}.Debug|Any CPU.ActiveCfg = Debug|Any CPU
		{3C7871FA-DB85-4E92-BC03-C07E9D5C0A8C}.Debug|Any CPU.Build.0 = Debug|Any CPU
		{3C7871FA-DB85-4E92-BC03-C07E9D5C0A8C}.Release|Any CPU.ActiveCfg = Release|Any CPU
		{3C7871FA-DB85-4E92-BC03-C07E9D5C0A8C}.Release|Any CPU.Build.0 = Release|Any CPU
		{90E35FD9-7A4B-48E0-9B96-F04951F2C2E3}.Debug|Any CPU.ActiveCfg = Debug|Any CPU
		{90E35FD9-7A4B-48E0-9B96-F04951F2C2E3}.Debug|Any CPU.Build.0 = Debug|Any CPU
		{90E35FD9-7A4B-48E0-9B96-F04951F2C2E3}.Release|Any CPU.ActiveCfg = Release|Any CPU
		{90E35FD9-7A4B-48E0-9B96-F04951F2C2E3}.Release|Any CPU.Build.0 = Release|Any CPU
	EndGlobalSection
	GlobalSection(SolutionProperties) = preSolution
		HideSolutionNode = FALSE
	EndGlobalSection
EndGlobal
